
Microsoft Visual Studio Solution File, Format Version 12.00
# Visual Studio Version 17
VisualStudioVersion = 17.10.35027.167
MinimumVisualStudioVersion = 10.0.40219.1
Project("{2150E333-8FDC-42A3-9474-1A3956D46DE8}") = "src", "src", "{8C717681-A6A3-4291-926E-1AD1B7330C5D}"
EndProject
Project("{2150E333-8FDC-42A3-9474-1A3956D46DE8}") = "Tests", "Tests", "{1215AF58-012B-47FB-94F4-AAC38E349F2F}"
EndProject
Project("{FAE04EC0-301F-11D3-BF4B-00C04F79EFBC}") = "RecyclingSystem.API", "RecyclingSystem.API\RecyclingSystem.API.csproj", "{99973B6D-E61F-464B-BACF-80740C6BF358}"
EndProject
Project("{FAE04EC0-301F-11D3-BF4B-00C04F79EFBC}") = "RecyclingSystem.Infrastructure", "RecyclingSystem.Infrastructure\RecyclingSystem.Infrastructure.csproj", "{63AC260C-E22A-4918-9873-EAABD98D40FA}"
EndProject
Project("{FAE04EC0-301F-11D3-BF4B-00C04F79EFBC}") = "RecyclingSystem.Application", "RecyclingSystem.Application\RecyclingSystem.Application.csproj", "{B0D75E64-AECF-4FDA-A840-A19D88B5F7CA}"
EndProject
Project("{FAE04EC0-301F-11D3-BF4B-00C04F79EFBC}") = "RecyclingSystem.Domain", "RecyclingSystem.Domain\RecyclingSystem.Domain.csproj", "{F1859B2A-626B-4139-B72E-A4BE4345D6FA}"
EndProject
Global
	GlobalSection(SolutionConfigurationPlatforms) = preSolution
		Debug|Any CPU = Debug|Any CPU
		Release|Any CPU = Release|Any CPU
	EndGlobalSection
	GlobalSection(ProjectConfigurationPlatforms) = postSolution
		{99973B6D-E61F-464B-BACF-80740C6BF358}.Debug|Any CPU.ActiveCfg = Debug|Any CPU
		{99973B6D-E61F-464B-BACF-80740C6BF358}.Debug|Any CPU.Build.0 = Debug|Any CPU
		{99973B6D-E61F-464B-BACF-80740C6BF358}.Release|Any CPU.ActiveCfg = Release|Any CPU
		{99973B6D-E61F-464B-BACF-80740C6BF358}.Release|Any CPU.Build.0 = Release|Any CPU
		{63AC260C-E22A-4918-9873-EAABD98D40FA}.Debug|Any CPU.ActiveCfg = Debug|Any CPU
		{63AC260C-E22A-4918-9873-EAABD98D40FA}.Debug|Any CPU.Build.0 = Debug|Any CPU
		{63AC260C-E22A-4918-9873-EAABD98D40FA}.Release|Any CPU.ActiveCfg = Release|Any CPU
		{63AC260C-E22A-4918-9873-EAABD98D40FA}.Release|Any CPU.Build.0 = Release|Any CPU
		{B0D75E64-AECF-4FDA-A840-A19D88B5F7CA}.Debug|Any CPU.ActiveCfg = Debug|Any CPU
		{B0D75E64-AECF-4FDA-A840-A19D88B5F7CA}.Debug|Any CPU.Build.0 = Debug|Any CPU
		{B0D75E64-AECF-4FDA-A840-A19D88B5F7CA}.Release|Any CPU.ActiveCfg = Release|Any CPU
		{B0D75E64-AECF-4FDA-A840-A19D88B5F7CA}.Release|Any CPU.Build.0 = Release|Any CPU
		{F1859B2A-626B-4139-B72E-A4BE4345D6FA}.Debug|Any CPU.ActiveCfg = Debug|Any CPU
		{F1859B2A-626B-4139-B72E-A4BE4345D6FA}.Debug|Any CPU.Build.0 = Debug|Any CPU
		{F1859B2A-626B-4139-B72E-A4BE4345D6FA}.Release|Any CPU.ActiveCfg = Release|Any CPU
		{F1859B2A-626B-4139-B72E-A4BE4345D6FA}.Release|Any CPU.Build.0 = Release|Any CPU
	EndGlobalSection
	GlobalSection(SolutionProperties) = preSolution
		HideSolutionNode = FALSE
	EndGlobalSection
	GlobalSection(NestedProjects) = preSolution
		{99973B6D-E61F-464B-BACF-80740C6BF358} = {8C717681-A6A3-4291-926E-1AD1B7330C5D}
		{63AC260C-E22A-4918-9873-EAABD98D40FA} = {8C717681-A6A3-4291-926E-1AD1B7330C5D}
		{B0D75E64-AECF-4FDA-A840-A19D88B5F7CA} = {8C717681-A6A3-4291-926E-1AD1B7330C5D}
		{F1859B2A-626B-4139-B72E-A4BE4345D6FA} = {8C717681-A6A3-4291-926E-1AD1B7330C5D}
	EndGlobalSection
	GlobalSection(ExtensibilityGlobals) = postSolution
		SolutionGuid = {233B10A6-58B9-45B6-9D35-7001CAF95CCF}
	EndGlobalSection
EndGlobal
